{
  "name": "test-img",
  "version": "1.0.0",
  "lockfileVersion": 1,
  "requires": true,
  "dependencies": {
    "file-type": {
      "version": "12.1.0",
      "resolved": "https://registry.npmjs.org/file-type/-/file-type-12.1.0.tgz",
      "integrity": "sha512-aZkf42yWGiH+vSOpbVgvbnoRuX4JiitMX9pHYqTHemNQ3lrx64iHi33YGAP7TSJSno56kxQY1lHmw8S6ujlFUg=="
    }
  }
}
